
Microsoft Visual Studio Solution File, Format Version 12.00
# Visual Studio Version 17
VisualStudioVersion = 17.11.35222.181
MinimumVisualStudioVersion = 10.0.40219.1
Project("{8BC9CEB8-8B4A-11D0-8D11-00A0C91BC942}") = "Basic Calculator Project", "Basic Calculator Project\Basic Calculator Project.vcxproj", "{CE94D7EF-32B3-4874-B552-F21300440316}"
EndProject
Global
	GlobalSection(SolutionConfigurationPlatforms) = preSolution
		Debug|x64 = Debug|x64
		Debug|x86 = Debug|x86
		Release|x64 = Release|x64
		Release|x86 = Release|x86
	EndGlobalSection
	GlobalSection(ProjectConfigurationPlatforms) = postSolution
		{CE94D7EF-32B3-4874-B552-F21300440316}.Debug|x64.ActiveCfg = Debug|x64
		{CE94D7EF-32B3-4874-B552-F21300440316}.Debug|x64.Build.0 = Debug|x64
		{CE94D7EF-32B3-4874-B552-F21300440316}.Debug|x86.ActiveCfg = Debug|Win32
		{CE94D7EF-32B3-4874-B552-F21300440316}.Debug|x86.Build.0 = Debug|Win32
		{CE94D7EF-32B3-4874-B552-F21300440316}.Release|x64.ActiveCfg = Release|x64
		{CE94D7EF-32B3-4874-B552-F21300440316}.Release|x64.Build.0 = Release|x64
		{CE94D7EF-32B3-4874-B552-F21300440316}.Release|x86.ActiveCfg = Release|Win32
		{CE94D7EF-32B3-4874-B552-F21300440316}.Release|x86.Build.0 = Release|Win32
	EndGlobalSection
	GlobalSection(SolutionProperties) = preSolution
		HideSolutionNode = FALSE
	EndGlobalSection
	GlobalSection(ExtensibilityGlobals) = postSolution
		SolutionGuid = {CD1B2040-AE38-475C-A3D9-1F6897D8922E}
	EndGlobalSection
EndGlobal
